
Microsoft Visual Studio Solution File, Format Version 11.00
# Visual Studio 2010
Project("{FAE04EC0-301F-11D3-BF4B-00C04F79EFBC}") = "Ninemsn.PackageManager.NuGet", "Ninemsn.PackageManager.NuGet\Ninemsn.PackageManager.NuGet.csproj", "{B5FB8812-1B24-4791-8C54-ABF2E64215B8}"
EndProject
Project("{FAE04EC0-301F-11D3-BF4B-00C04F79EFBC}") = "Ninemsn.PackageManager.NuGet.Test.Integration", "Ninemsn.PackageManager.NuGet.Test.Integration\Ninemsn.PackageManager.NuGet.Test.Integration.csproj", "{E5EA40D4-6130-4773-97E1-D1128D357E19}"
EndProject
Project("{FAE04EC0-301F-11D3-BF4B-00C04F79EFBC}") = "Ninemsn.PackageManager.NuGet.Command", "Ninemsn.PackageManager.NuGet.Command\Ninemsn.PackageManager.NuGet.Command.csproj", "{D811E049-216D-473F-A66E-DD4D659ACA08}"
EndProject
Project("{FAE04EC0-301F-11D3-BF4B-00C04F79EFBC}") = "Ninemsn.PackageManager.NuGet.Test.Unit", "Ninemsn.PackageManager.NuGet.Test.Unit\Ninemsn.PackageManager.NuGet.Test.Unit.csproj", "{4C3B52E6-1753-48F2-AAD2-EB2FE6306908}"
EndProject
Project("{2150E333-8FDC-42A3-9474-1A3956D46DE8}") = "Tests", "Tests", "{C55FE02C-DE9F-4B17-93D8-1C3C667A4B56}"
EndProject
Project("{2150E333-8FDC-42A3-9474-1A3956D46DE8}") = "Services", "Services", "{72C8A7FF-3276-4425-B4C9-E4B5D3B68FE1}"
EndProject
Project("{2150E333-8FDC-42A3-9474-1A3956D46DE8}") = "Console", "Console", "{3BF74FF6-0E9F-4E20-AB32-98D66F8807E9}"
EndProject
Project("{FAE04EC0-301F-11D3-BF4B-00C04F79EFBC}") = "Ninemsn.PackageManager.NuGet.Service", "Ninemsn.PackageManager.NuGet.Service\Ninemsn.PackageManager.NuGet.Service.csproj", "{5DD77433-3442-4BD7-8CD0-3D1EF44626AB}"
EndProject
Project("{930C7802-8A8C-48F9-8165-68863BCCD9DD}") = "Ninemsn.PackageManager", "Ninemsn.PackageManager\Ninemsn.PackageManager.wixproj", "{35758440-E8EA-4591-9E10-615796C892C3}"
EndProject
Global
	GlobalSection(SolutionConfigurationPlatforms) = preSolution
		Debug|Any CPU = Debug|Any CPU
		Debug|Mixed Platforms = Debug|Mixed Platforms
		Debug|x64 = Debug|x64
		Debug|x86 = Debug|x86
		Release|Any CPU = Release|Any CPU
		Release|Mixed Platforms = Release|Mixed Platforms
		Release|x64 = Release|x64
		Release|x86 = Release|x86
	EndGlobalSection
	GlobalSection(ProjectConfigurationPlatforms) = postSolution
		{B5FB8812-1B24-4791-8C54-ABF2E64215B8}.Debug|Any CPU.ActiveCfg = Debug|Any CPU
		{B5FB8812-1B24-4791-8C54-ABF2E64215B8}.Debug|Any CPU.Build.0 = Debug|Any CPU
		{B5FB8812-1B24-4791-8C54-ABF2E64215B8}.Debug|Mixed Platforms.ActiveCfg = Debug|Any CPU
		{B5FB8812-1B24-4791-8C54-ABF2E64215B8}.Debug|Mixed Platforms.Build.0 = Debug|Any CPU
		{B5FB8812-1B24-4791-8C54-ABF2E64215B8}.Debug|x64.ActiveCfg = Debug|Any CPU
		{B5FB8812-1B24-4791-8C54-ABF2E64215B8}.Debug|x86.ActiveCfg = Debug|Any CPU
		{B5FB8812-1B24-4791-8C54-ABF2E64215B8}.Release|Any CPU.ActiveCfg = Release|Any CPU
		{B5FB8812-1B24-4791-8C54-ABF2E64215B8}.Release|Any CPU.Build.0 = Release|Any CPU
		{B5FB8812-1B24-4791-8C54-ABF2E64215B8}.Release|Mixed Platforms.ActiveCfg = Release|Any CPU
		{B5FB8812-1B24-4791-8C54-ABF2E64215B8}.Release|Mixed Platforms.Build.0 = Release|Any CPU
		{B5FB8812-1B24-4791-8C54-ABF2E64215B8}.Release|x64.ActiveCfg = Release|Any CPU
		{B5FB8812-1B24-4791-8C54-ABF2E64215B8}.Release|x86.ActiveCfg = Release|Any CPU
		{E5EA40D4-6130-4773-97E1-D1128D357E19}.Debug|Any CPU.ActiveCfg = Debug|Any CPU
		{E5EA40D4-6130-4773-97E1-D1128D357E19}.Debug|Any CPU.Build.0 = Debug|Any CPU
		{E5EA40D4-6130-4773-97E1-D1128D357E19}.Debug|Mixed Platforms.ActiveCfg = Debug|Any CPU
		{E5EA40D4-6130-4773-97E1-D1128D357E19}.Debug|Mixed Platforms.Build.0 = Debug|Any CPU
		{E5EA40D4-6130-4773-97E1-D1128D357E19}.Debug|x64.ActiveCfg = Debug|Any CPU
		{E5EA40D4-6130-4773-97E1-D1128D357E19}.Debug|x86.ActiveCfg = Debug|Any CPU
		{E5EA40D4-6130-4773-97E1-D1128D357E19}.Release|Any CPU.ActiveCfg = Release|Any CPU
		{E5EA40D4-6130-4773-97E1-D1128D357E19}.Release|Any CPU.Build.0 = Release|Any CPU
		{E5EA40D4-6130-4773-97E1-D1128D357E19}.Release|Mixed Platforms.ActiveCfg = Release|Any CPU
		{E5EA40D4-6130-4773-97E1-D1128D357E19}.Release|Mixed Platforms.Build.0 = Release|Any CPU
		{E5EA40D4-6130-4773-97E1-D1128D357E19}.Release|x64.ActiveCfg = Release|Any CPU
		{E5EA40D4-6130-4773-97E1-D1128D357E19}.Release|x86.ActiveCfg = Release|Any CPU
		{D811E049-216D-473F-A66E-DD4D659ACA08}.Debug|Any CPU.ActiveCfg = Debug|x86
		{D811E049-216D-473F-A66E-DD4D659ACA08}.Debug|Mixed Platforms.ActiveCfg = Debug|x64
		{D811E049-216D-473F-A66E-DD4D659ACA08}.Debug|Mixed Platforms.Build.0 = Debug|x64
		{D811E049-216D-473F-A66E-DD4D659ACA08}.Debug|x64.ActiveCfg = Debug|x64
		{D811E049-216D-473F-A66E-DD4D659ACA08}.Debug|x64.Build.0 = Debug|x64
		{D811E049-216D-473F-A66E-DD4D659ACA08}.Debug|x86.ActiveCfg = Debug|x86
		{D811E049-216D-473F-A66E-DD4D659ACA08}.Debug|x86.Build.0 = Debug|x86
		{D811E049-216D-473F-A66E-DD4D659ACA08}.Release|Any CPU.ActiveCfg = Release|x86
		{D811E049-216D-473F-A66E-DD4D659ACA08}.Release|Mixed Platforms.ActiveCfg = Release|x86
		{D811E049-216D-473F-A66E-DD4D659ACA08}.Release|Mixed Platforms.Build.0 = Release|x86
		{D811E049-216D-473F-A66E-DD4D659ACA08}.Release|x64.ActiveCfg = Release|x64
		{D811E049-216D-473F-A66E-DD4D659ACA08}.Release|x64.Build.0 = Release|x64
		{D811E049-216D-473F-A66E-DD4D659ACA08}.Release|x86.ActiveCfg = Release|x86
		{D811E049-216D-473F-A66E-DD4D659ACA08}.Release|x86.Build.0 = Release|x86
		{4C3B52E6-1753-48F2-AAD2-EB2FE6306908}.Debug|Any CPU.ActiveCfg = Debug|Any CPU
		{4C3B52E6-1753-48F2-AAD2-EB2FE6306908}.Debug|Any CPU.Build.0 = Debug|Any CPU
		{4C3B52E6-1753-48F2-AAD2-EB2FE6306908}.Debug|Mixed Platforms.ActiveCfg = Debug|Any CPU
		{4C3B52E6-1753-48F2-AAD2-EB2FE6306908}.Debug|Mixed Platforms.Build.0 = Debug|Any CPU
		{4C3B52E6-1753-48F2-AAD2-EB2FE6306908}.Debug|x64.ActiveCfg = Debug|Any CPU
		{4C3B52E6-1753-48F2-AAD2-EB2FE6306908}.Debug|x86.ActiveCfg = Debug|Any CPU
		{4C3B52E6-1753-48F2-AAD2-EB2FE6306908}.Release|Any CPU.ActiveCfg = Release|Any CPU
		{4C3B52E6-1753-48F2-AAD2-EB2FE6306908}.Release|Any CPU.Build.0 = Release|Any CPU
		{4C3B52E6-1753-48F2-AAD2-EB2FE6306908}.Release|Mixed Platforms.ActiveCfg = Release|Any CPU
		{4C3B52E6-1753-48F2-AAD2-EB2FE6306908}.Release|Mixed Platforms.Build.0 = Release|Any CPU
		{4C3B52E6-1753-48F2-AAD2-EB2FE6306908}.Release|x64.ActiveCfg = Release|Any CPU
		{4C3B52E6-1753-48F2-AAD2-EB2FE6306908}.Release|x86.ActiveCfg = Release|Any CPU
		{5DD77433-3442-4BD7-8CD0-3D1EF44626AB}.Debug|Any CPU.ActiveCfg = Debug|Any CPU
		{5DD77433-3442-4BD7-8CD0-3D1EF44626AB}.Debug|Any CPU.Build.0 = Debug|Any CPU
		{5DD77433-3442-4BD7-8CD0-3D1EF44626AB}.Debug|Mixed Platforms.ActiveCfg = Debug|Any CPU
		{5DD77433-3442-4BD7-8CD0-3D1EF44626AB}.Debug|Mixed Platforms.Build.0 = Debug|Any CPU
		{5DD77433-3442-4BD7-8CD0-3D1EF44626AB}.Debug|x64.ActiveCfg = Debug|Any CPU
		{5DD77433-3442-4BD7-8CD0-3D1EF44626AB}.Debug|x86.ActiveCfg = Debug|Any CPU
		{5DD77433-3442-4BD7-8CD0-3D1EF44626AB}.Release|Any CPU.ActiveCfg = Release|Any CPU
		{5DD77433-3442-4BD7-8CD0-3D1EF44626AB}.Release|Any CPU.Build.0 = Release|Any CPU
		{5DD77433-3442-4BD7-8CD0-3D1EF44626AB}.Release|Mixed Platforms.ActiveCfg = Release|Any CPU
		{5DD77433-3442-4BD7-8CD0-3D1EF44626AB}.Release|Mixed Platforms.Build.0 = Release|Any CPU
		{5DD77433-3442-4BD7-8CD0-3D1EF44626AB}.Release|x64.ActiveCfg = Release|Any CPU
		{5DD77433-3442-4BD7-8CD0-3D1EF44626AB}.Release|x86.ActiveCfg = Release|Any CPU
		{35758440-E8EA-4591-9E10-615796C892C3}.Debug|Any CPU.ActiveCfg = Debug|x86
		{35758440-E8EA-4591-9E10-615796C892C3}.Debug|Mixed Platforms.ActiveCfg = Debug|x64
		{35758440-E8EA-4591-9E10-615796C892C3}.Debug|Mixed Platforms.Build.0 = Debug|x64
		{35758440-E8EA-4591-9E10-615796C892C3}.Debug|x64.ActiveCfg = Debug|x86
		{35758440-E8EA-4591-9E10-615796C892C3}.Debug|x86.ActiveCfg = Debug|x86
		{35758440-E8EA-4591-9E10-615796C892C3}.Debug|x86.Build.0 = Debug|x86
		{35758440-E8EA-4591-9E10-615796C892C3}.Release|Any CPU.ActiveCfg = Release|x86
		{35758440-E8EA-4591-9E10-615796C892C3}.Release|Mixed Platforms.ActiveCfg = Release|x86
		{35758440-E8EA-4591-9E10-615796C892C3}.Release|Mixed Platforms.Build.0 = Release|x86
		{35758440-E8EA-4591-9E10-615796C892C3}.Release|x64.ActiveCfg = Release|x86
		{35758440-E8EA-4591-9E10-615796C892C3}.Release|x86.ActiveCfg = Release|x86
		{35758440-E8EA-4591-9E10-615796C892C3}.Release|x86.Build.0 = Release|x86
	EndGlobalSection
	GlobalSection(SolutionProperties) = preSolution
		HideSolutionNode = FALSE
	EndGlobalSection
	GlobalSection(NestedProjects) = preSolution
		{D811E049-216D-473F-A66E-DD4D659ACA08} = {3BF74FF6-0E9F-4E20-AB32-98D66F8807E9}
		{B5FB8812-1B24-4791-8C54-ABF2E64215B8} = {3BF74FF6-0E9F-4E20-AB32-98D66F8807E9}
		{4C3B52E6-1753-48F2-AAD2-EB2FE6306908} = {C55FE02C-DE9F-4B17-93D8-1C3C667A4B56}
		{E5EA40D4-6130-4773-97E1-D1128D357E19} = {C55FE02C-DE9F-4B17-93D8-1C3C667A4B56}
		{5DD77433-3442-4BD7-8CD0-3D1EF44626AB} = {72C8A7FF-3276-4425-B4C9-E4B5D3B68FE1}
	EndGlobalSection
EndGlobal
